
Microsoft Visual Studio Solution File, Format Version 12.00
# Visual Studio Version 16
VisualStudioVersion = 16.0.30621.155
MinimumVisualStudioVersion = 10.0.40219.1
Project("{FAE04EC0-301F-11D3-BF4B-00C04F79EFBC}") = "ServerAndStreamWork", "ServerAndStreamWork\ServerAndStreamWork.csproj", "{EBE185C8-ED79-4807-B9F8-A624F406BE83}"
EndProject
Global
	GlobalSection(SolutionConfigurationPlatforms) = preSolution
		Debug|Any CPU = Debug|Any CPU
		Release|Any CPU = Release|Any CPU
	EndGlobalSection
	GlobalSection(ProjectConfigurationPlatforms) = postSolution
		{EBE185C8-ED79-4807-B9F8-A624F406BE83}.Debug|Any CPU.ActiveCfg = Debug|Any CPU
		{EBE185C8-ED79-4807-B9F8-A624F406BE83}.Debug|Any CPU.Build.0 = Debug|Any CPU
		{EBE185C8-ED79-4807-B9F8-A624F406BE83}.Release|Any CPU.ActiveCfg = Release|Any CPU
		{EBE185C8-ED79-4807-B9F8-A624F406BE83}.Release|Any CPU.Build.0 = Release|Any CPU
	EndGlobalSection
	GlobalSection(SolutionProperties) = preSolution
		HideSolutionNode = FALSE
	EndGlobalSection
	GlobalSection(ExtensibilityGlobals) = postSolution
		SolutionGuid = {75C2EE3B-E42A-41DB-A3D8-7C44EAE2E4ED}
	EndGlobalSection
EndGlobal
